<Solution>
  <Project Path="SureBudgetRequest.Application/SureBudgetRequest.Application.csproj" />
  <Project Path="SureBudgetRequest.Domain/SureBudgetRequest.Domain.csproj" />
  <Project Path="SureBudgetRequest.Infrastructure/SureBudgetRequest.Infrastructure.csproj" />
  <Project Path="SureBudgetRequest.Web/SureBudgetRequest.Web.csproj" />
</Solution>
